
Microsoft Visual Studio Solution File, Format Version 12.00
# Visual Studio Version 16
VisualStudioVersion = 16.0.29920.165
MinimumVisualStudioVersion = 10.0.40219.1
Project("{2150E333-8FDC-42A3-9474-1A3956D46DE8}") = "Yandex.Alice.Sdk", "Yandex.Alice.Sdk", "{BE85824F-AE09-4F27-94C6-7581E910FDD4}"
EndProject
Project("{9A19103F-16F7-4668-BE54-9A1E7A4F7556}") = "Yandex.Alice.Sdk", "Yandex.Alice.Sdk\Yandex.Alice.Sdk\Yandex.Alice.Sdk.csproj", "{3819D74F-8589-493E-9F52-D2BEDB827CF9}"
EndProject
Project("{2150E333-8FDC-42A3-9474-1A3956D46DE8}") = "UI", "UI", "{7261A290-03A4-4CB1-8D5E-6DA13E81FFC5}"
EndProject
Project("{9A19103F-16F7-4668-BE54-9A1E7A4F7556}") = "SportsRu.Alice", "UI\SportsRu.Alice\SportsRu.Alice.csproj", "{E7753406-F3FD-4350-98F7-0870264B4F78}"
EndProject
Project("{FAE04EC0-301F-11D3-BF4B-00C04F79EFBC}") = "SportsRu.Alice.Tests", "UI\SportsRu.Alice.Tests\SportsRu.Alice.Tests.csproj", "{D7D39C90-A74E-4A7D-8168-1BF4F9565FB9}"
EndProject
Global
	GlobalSection(SolutionConfigurationPlatforms) = preSolution
		Debug|Any CPU = Debug|Any CPU
		Release|Any CPU = Release|Any CPU
	EndGlobalSection
	GlobalSection(ProjectConfigurationPlatforms) = postSolution
		{3819D74F-8589-493E-9F52-D2BEDB827CF9}.Debug|Any CPU.ActiveCfg = Debug|Any CPU
		{3819D74F-8589-493E-9F52-D2BEDB827CF9}.Debug|Any CPU.Build.0 = Debug|Any CPU
		{3819D74F-8589-493E-9F52-D2BEDB827CF9}.Release|Any CPU.ActiveCfg = Release|Any CPU
		{3819D74F-8589-493E-9F52-D2BEDB827CF9}.Release|Any CPU.Build.0 = Release|Any CPU
		{E7753406-F3FD-4350-98F7-0870264B4F78}.Debug|Any CPU.ActiveCfg = Debug|Any CPU
		{E7753406-F3FD-4350-98F7-0870264B4F78}.Debug|Any CPU.Build.0 = Debug|Any CPU
		{E7753406-F3FD-4350-98F7-0870264B4F78}.Release|Any CPU.ActiveCfg = Release|Any CPU
		{E7753406-F3FD-4350-98F7-0870264B4F78}.Release|Any CPU.Build.0 = Release|Any CPU
		{D7D39C90-A74E-4A7D-8168-1BF4F9565FB9}.Debug|Any CPU.ActiveCfg = Debug|Any CPU
		{D7D39C90-A74E-4A7D-8168-1BF4F9565FB9}.Debug|Any CPU.Build.0 = Debug|Any CPU
		{D7D39C90-A74E-4A7D-8168-1BF4F9565FB9}.Release|Any CPU.ActiveCfg = Release|Any CPU
		{D7D39C90-A74E-4A7D-8168-1BF4F9565FB9}.Release|Any CPU.Build.0 = Release|Any CPU
	EndGlobalSection
	GlobalSection(SolutionProperties) = preSolution
		HideSolutionNode = FALSE
	EndGlobalSection
	GlobalSection(NestedProjects) = preSolution
		{3819D74F-8589-493E-9F52-D2BEDB827CF9} = {BE85824F-AE09-4F27-94C6-7581E910FDD4}
		{E7753406-F3FD-4350-98F7-0870264B4F78} = {7261A290-03A4-4CB1-8D5E-6DA13E81FFC5}
		{D7D39C90-A74E-4A7D-8168-1BF4F9565FB9} = {7261A290-03A4-4CB1-8D5E-6DA13E81FFC5}
	EndGlobalSection
	GlobalSection(ExtensibilityGlobals) = postSolution
		SolutionGuid = {3F7BB06C-1EA0-4F40-94FD-7B858A73764D}
	EndGlobalSection
EndGlobal
