
Microsoft Visual Studio Solution File, Format Version 12.00
# Visual Studio Version 16
VisualStudioVersion = 16.0.29920.165
MinimumVisualStudioVersion = 10.0.40219.1
Project("{2150E333-8FDC-42A3-9474-1A3956D46DE8}") = "Yandex.Alice.Sdk", "Yandex.Alice.Sdk", "{BE85824F-AE09-4F27-94C6-7581E910FDD4}"
EndProject
Project("{9A19103F-16F7-4668-BE54-9A1E7A4F7556}") = "Yandex.Alice.Sdk", "Yandex.Alice.Sdk\Yandex.Alice.Sdk\Yandex.Alice.Sdk.csproj", "{3819D74F-8589-493E-9F52-D2BEDB827CF9}"
EndProject
Project("{2150E333-8FDC-42A3-9474-1A3956D46DE8}") = "UI", "UI", "{7261A290-03A4-4CB1-8D5E-6DA13E81FFC5}"
EndProject
Project("{2150E333-8FDC-42A3-9474-1A3956D46DE8}") = "Logic", "Logic", "{8F82D200-56F6-44D9-9E2D-447C8392A6DE}"
EndProject
Project("{2150E333-8FDC-42A3-9474-1A3956D46DE8}") = "Common", "Common", "{FA4F5231-D1C2-459A-A5A6-A5A8A2032C50}"
EndProject
Project("{9A19103F-16F7-4668-BE54-9A1E7A4F7556}") = "Sports.SportsRu.Api", "Logic\Sports.SportsRu.Api\Sports.SportsRu.Api.csproj", "{34EF1343-40C5-40C6-9763-8435E3620AB6}"
EndProject
Project("{9A19103F-16F7-4668-BE54-9A1E7A4F7556}") = "Sports.Alice", "UI\Sports.Alice\Sports.Alice.csproj", "{A6CC5336-F0E6-43DD-9EEC-064DD0EDBEFB}"
EndProject
Project("{9A19103F-16F7-4668-BE54-9A1E7A4F7556}") = "Sports.Alice.Tests", "UI\Sports.Alice.Tests\Sports.Alice.Tests.csproj", "{557D44A2-AB92-4C22-A03C-137B3F2625F1}"
EndProject
Project("{FAE04EC0-301F-11D3-BF4B-00C04F79EFBC}") = "Sports.Common", "Common\Sports.Common\Sports.Common.csproj", "{031D3531-1AEC-42A8-8AAD-F84CC30E7BBB}"
EndProject
Project("{FAE04EC0-301F-11D3-BF4B-00C04F79EFBC}") = "Sports.SportsRu.Api.Tests", "Logic\Sports.SportsRu.Api.Tests\Sports.SportsRu.Api.Tests.csproj", "{56D3FBED-1FD7-4A61-AED7-CBC18BA1097C}"
EndProject
Global
	GlobalSection(SolutionConfigurationPlatforms) = preSolution
		Debug|Any CPU = Debug|Any CPU
		Release|Any CPU = Release|Any CPU
	EndGlobalSection
	GlobalSection(ProjectConfigurationPlatforms) = postSolution
		{3819D74F-8589-493E-9F52-D2BEDB827CF9}.Debug|Any CPU.ActiveCfg = Debug|Any CPU
		{3819D74F-8589-493E-9F52-D2BEDB827CF9}.Debug|Any CPU.Build.0 = Debug|Any CPU
		{3819D74F-8589-493E-9F52-D2BEDB827CF9}.Release|Any CPU.ActiveCfg = Release|Any CPU
		{3819D74F-8589-493E-9F52-D2BEDB827CF9}.Release|Any CPU.Build.0 = Release|Any CPU
		{34EF1343-40C5-40C6-9763-8435E3620AB6}.Debug|Any CPU.ActiveCfg = Debug|Any CPU
		{34EF1343-40C5-40C6-9763-8435E3620AB6}.Debug|Any CPU.Build.0 = Debug|Any CPU
		{34EF1343-40C5-40C6-9763-8435E3620AB6}.Release|Any CPU.ActiveCfg = Release|Any CPU
		{34EF1343-40C5-40C6-9763-8435E3620AB6}.Release|Any CPU.Build.0 = Release|Any CPU
		{A6CC5336-F0E6-43DD-9EEC-064DD0EDBEFB}.Debug|Any CPU.ActiveCfg = Debug|Any CPU
		{A6CC5336-F0E6-43DD-9EEC-064DD0EDBEFB}.Debug|Any CPU.Build.0 = Debug|Any CPU
		{A6CC5336-F0E6-43DD-9EEC-064DD0EDBEFB}.Release|Any CPU.ActiveCfg = Release|Any CPU
		{A6CC5336-F0E6-43DD-9EEC-064DD0EDBEFB}.Release|Any CPU.Build.0 = Release|Any CPU
		{557D44A2-AB92-4C22-A03C-137B3F2625F1}.Debug|Any CPU.ActiveCfg = Debug|Any CPU
		{557D44A2-AB92-4C22-A03C-137B3F2625F1}.Debug|Any CPU.Build.0 = Debug|Any CPU
		{557D44A2-AB92-4C22-A03C-137B3F2625F1}.Release|Any CPU.ActiveCfg = Release|Any CPU
		{557D44A2-AB92-4C22-A03C-137B3F2625F1}.Release|Any CPU.Build.0 = Release|Any CPU
		{031D3531-1AEC-42A8-8AAD-F84CC30E7BBB}.Debug|Any CPU.ActiveCfg = Debug|Any CPU
		{031D3531-1AEC-42A8-8AAD-F84CC30E7BBB}.Debug|Any CPU.Build.0 = Debug|Any CPU
		{031D3531-1AEC-42A8-8AAD-F84CC30E7BBB}.Release|Any CPU.ActiveCfg = Release|Any CPU
		{031D3531-1AEC-42A8-8AAD-F84CC30E7BBB}.Release|Any CPU.Build.0 = Release|Any CPU
		{56D3FBED-1FD7-4A61-AED7-CBC18BA1097C}.Debug|Any CPU.ActiveCfg = Debug|Any CPU
		{56D3FBED-1FD7-4A61-AED7-CBC18BA1097C}.Debug|Any CPU.Build.0 = Debug|Any CPU
		{56D3FBED-1FD7-4A61-AED7-CBC18BA1097C}.Release|Any CPU.ActiveCfg = Release|Any CPU
		{56D3FBED-1FD7-4A61-AED7-CBC18BA1097C}.Release|Any CPU.Build.0 = Release|Any CPU
	EndGlobalSection
	GlobalSection(SolutionProperties) = preSolution
		HideSolutionNode = FALSE
	EndGlobalSection
	GlobalSection(NestedProjects) = preSolution
		{3819D74F-8589-493E-9F52-D2BEDB827CF9} = {BE85824F-AE09-4F27-94C6-7581E910FDD4}
		{34EF1343-40C5-40C6-9763-8435E3620AB6} = {8F82D200-56F6-44D9-9E2D-447C8392A6DE}
		{A6CC5336-F0E6-43DD-9EEC-064DD0EDBEFB} = {7261A290-03A4-4CB1-8D5E-6DA13E81FFC5}
		{557D44A2-AB92-4C22-A03C-137B3F2625F1} = {7261A290-03A4-4CB1-8D5E-6DA13E81FFC5}
		{031D3531-1AEC-42A8-8AAD-F84CC30E7BBB} = {FA4F5231-D1C2-459A-A5A6-A5A8A2032C50}
		{56D3FBED-1FD7-4A61-AED7-CBC18BA1097C} = {8F82D200-56F6-44D9-9E2D-447C8392A6DE}
	EndGlobalSection
	GlobalSection(ExtensibilityGlobals) = postSolution
		SolutionGuid = {3F7BB06C-1EA0-4F40-94FD-7B858A73764D}
	EndGlobalSection
EndGlobal
